
Microsoft Visual Studio Solution File, Format Version 12.00
# Visual Studio Version 17
VisualStudioVersion = 17.3.32901.215
MinimumVisualStudioVersion = 10.0.40219.1
Project("{FAE04EC0-301F-11D3-BF4B-00C04F79EFBC}") = "App.N_3.2", "App.N_3.2\App.N_3.2.csproj", "{9C7053ED-99F2-44A8-AD6B-8BF6073296DC}"
EndProject
Global
	GlobalSection(SolutionConfigurationPlatforms) = preSolution
		Debug|Any CPU = Debug|Any CPU
		Release|Any CPU = Release|Any CPU
	EndGlobalSection
	GlobalSection(ProjectConfigurationPlatforms) = postSolution
		{9C7053ED-99F2-44A8-AD6B-8BF6073296DC}.Debug|Any CPU.ActiveCfg = Debug|Any CPU
		{9C7053ED-99F2-44A8-AD6B-8BF6073296DC}.Debug|Any CPU.Build.0 = Debug|Any CPU
		{9C7053ED-99F2-44A8-AD6B-8BF6073296DC}.Release|Any CPU.ActiveCfg = Release|Any CPU
		{9C7053ED-99F2-44A8-AD6B-8BF6073296DC}.Release|Any CPU.Build.0 = Release|Any CPU
	EndGlobalSection
	GlobalSection(SolutionProperties) = preSolution
		HideSolutionNode = FALSE
	EndGlobalSection
	GlobalSection(ExtensibilityGlobals) = postSolution
		SolutionGuid = {5FC8DA83-D2C8-4737-8998-9114C122944D}
	EndGlobalSection
EndGlobal
