
Microsoft Visual Studio Solution File, Format Version 12.00
# Visual Studio Version 17
VisualStudioVersion = 17.3.32901.215
MinimumVisualStudioVersion = 10.0.40219.1
Project("{FAE04EC0-301F-11D3-BF4B-00C04F79EFBC}") = "26112022", "26112022\26112022.csproj", "{CA3D53B6-99B6-4CED-9D9B-0A1C89175FEB}"
EndProject
Global
	GlobalSection(SolutionConfigurationPlatforms) = preSolution
		Debug|Any CPU = Debug|Any CPU
		Release|Any CPU = Release|Any CPU
	EndGlobalSection
	GlobalSection(ProjectConfigurationPlatforms) = postSolution
		{CA3D53B6-99B6-4CED-9D9B-0A1C89175FEB}.Debug|Any CPU.ActiveCfg = Debug|Any CPU
		{CA3D53B6-99B6-4CED-9D9B-0A1C89175FEB}.Debug|Any CPU.Build.0 = Debug|Any CPU
		{CA3D53B6-99B6-4CED-9D9B-0A1C89175FEB}.Release|Any CPU.ActiveCfg = Release|Any CPU
		{CA3D53B6-99B6-4CED-9D9B-0A1C89175FEB}.Release|Any CPU.Build.0 = Release|Any CPU
	EndGlobalSection
	GlobalSection(SolutionProperties) = preSolution
		HideSolutionNode = FALSE
	EndGlobalSection
	GlobalSection(ExtensibilityGlobals) = postSolution
		SolutionGuid = {32062462-33FF-4D5F-9226-7B8D0F9F4F7F}
	EndGlobalSection
EndGlobal
