
Microsoft Visual Studio Solution File, Format Version 12.00
# Visual Studio Version 17
VisualStudioVersion = 17.3.32901.215
MinimumVisualStudioVersion = 10.0.40219.1
Project("{FAE04EC0-301F-11D3-BF4B-00C04F79EFBC}") = "N_Okroshidze_N3.2_SecondVersion", "N_Okroshidze_N3.2_SecondVersion\N_Okroshidze_N3.2_SecondVersion.csproj", "{2EEF5E4E-2E1A-4025-9DE6-23126927947E}"
EndProject
Global
	GlobalSection(SolutionConfigurationPlatforms) = preSolution
		Debug|Any CPU = Debug|Any CPU
		Release|Any CPU = Release|Any CPU
	EndGlobalSection
	GlobalSection(ProjectConfigurationPlatforms) = postSolution
		{2EEF5E4E-2E1A-4025-9DE6-23126927947E}.Debug|Any CPU.ActiveCfg = Debug|Any CPU
		{2EEF5E4E-2E1A-4025-9DE6-23126927947E}.Debug|Any CPU.Build.0 = Debug|Any CPU
		{2EEF5E4E-2E1A-4025-9DE6-23126927947E}.Release|Any CPU.ActiveCfg = Release|Any CPU
		{2EEF5E4E-2E1A-4025-9DE6-23126927947E}.Release|Any CPU.Build.0 = Release|Any CPU
	EndGlobalSection
	GlobalSection(SolutionProperties) = preSolution
		HideSolutionNode = FALSE
	EndGlobalSection
	GlobalSection(ExtensibilityGlobals) = postSolution
		SolutionGuid = {266C299B-CF63-4959-AF0B-DA3F16BCE593}
	EndGlobalSection
EndGlobal
