
Microsoft Visual Studio Solution File, Format Version 12.00
# Visual Studio Version 17
VisualStudioVersion = 17.3.32901.215
MinimumVisualStudioVersion = 10.0.40219.1
Project("{FAE04EC0-301F-11D3-BF4B-00C04F79EFBC}") = "ConsoleApp10", "ConsoleApp10\ConsoleApp10.csproj", "{34078EBF-B022-4EE6-8519-A6C50DD60E54}"
EndProject
Global
	GlobalSection(SolutionConfigurationPlatforms) = preSolution
		Debug|Any CPU = Debug|Any CPU
		Release|Any CPU = Release|Any CPU
	EndGlobalSection
	GlobalSection(ProjectConfigurationPlatforms) = postSolution
		{34078EBF-B022-4EE6-8519-A6C50DD60E54}.Debug|Any CPU.ActiveCfg = Debug|Any CPU
		{34078EBF-B022-4EE6-8519-A6C50DD60E54}.Debug|Any CPU.Build.0 = Debug|Any CPU
		{34078EBF-B022-4EE6-8519-A6C50DD60E54}.Release|Any CPU.ActiveCfg = Release|Any CPU
		{34078EBF-B022-4EE6-8519-A6C50DD60E54}.Release|Any CPU.Build.0 = Release|Any CPU
	EndGlobalSection
	GlobalSection(SolutionProperties) = preSolution
		HideSolutionNode = FALSE
	EndGlobalSection
	GlobalSection(ExtensibilityGlobals) = postSolution
		SolutionGuid = {237B7809-4492-4106-9D78-4665350CEBFD}
	EndGlobalSection
EndGlobal
