
Microsoft Visual Studio Solution File, Format Version 12.00
# Visual Studio Version 17
VisualStudioVersion = 17.3.32901.215
MinimumVisualStudioVersion = 10.0.40219.1
Project("{FAE04EC0-301F-11D3-BF4B-00C04F79EFBC}") = "Quizz4.2_N.Okroshidze", "Quizz4.2_N.Okroshidze\Quizz4.2_N.Okroshidze.csproj", "{5EAE7151-F0FA-455B-AC13-AE3EF6DDD4FD}"
EndProject
Global
	GlobalSection(SolutionConfigurationPlatforms) = preSolution
		Debug|Any CPU = Debug|Any CPU
		Release|Any CPU = Release|Any CPU
	EndGlobalSection
	GlobalSection(ProjectConfigurationPlatforms) = postSolution
		{5EAE7151-F0FA-455B-AC13-AE3EF6DDD4FD}.Debug|Any CPU.ActiveCfg = Debug|Any CPU
		{5EAE7151-F0FA-455B-AC13-AE3EF6DDD4FD}.Debug|Any CPU.Build.0 = Debug|Any CPU
		{5EAE7151-F0FA-455B-AC13-AE3EF6DDD4FD}.Release|Any CPU.ActiveCfg = Release|Any CPU
		{5EAE7151-F0FA-455B-AC13-AE3EF6DDD4FD}.Release|Any CPU.Build.0 = Release|Any CPU
	EndGlobalSection
	GlobalSection(SolutionProperties) = preSolution
		HideSolutionNode = FALSE
	EndGlobalSection
	GlobalSection(ExtensibilityGlobals) = postSolution
		SolutionGuid = {3D4EDF4A-F0FE-4839-8D54-E2A507FADCD1}
	EndGlobalSection
EndGlobal
