
Microsoft Visual Studio Solution File, Format Version 12.00
# Visual Studio Version 17
VisualStudioVersion = 17.3.32901.215
MinimumVisualStudioVersion = 10.0.40219.1
Project("{FAE04EC0-301F-11D3-BF4B-00C04F79EFBC}") = "N.Okroshidzea_3.1", "N.Okroshidzea_3.1\N.Okroshidzea_3.1.csproj", "{C6935217-9BF6-4C01-A8C3-C9674CB3A15C}"
EndProject
Global
	GlobalSection(SolutionConfigurationPlatforms) = preSolution
		Debug|Any CPU = Debug|Any CPU
		Release|Any CPU = Release|Any CPU
	EndGlobalSection
	GlobalSection(ProjectConfigurationPlatforms) = postSolution
		{C6935217-9BF6-4C01-A8C3-C9674CB3A15C}.Debug|Any CPU.ActiveCfg = Debug|Any CPU
		{C6935217-9BF6-4C01-A8C3-C9674CB3A15C}.Debug|Any CPU.Build.0 = Debug|Any CPU
		{C6935217-9BF6-4C01-A8C3-C9674CB3A15C}.Release|Any CPU.ActiveCfg = Release|Any CPU
		{C6935217-9BF6-4C01-A8C3-C9674CB3A15C}.Release|Any CPU.Build.0 = Release|Any CPU
	EndGlobalSection
	GlobalSection(SolutionProperties) = preSolution
		HideSolutionNode = FALSE
	EndGlobalSection
	GlobalSection(ExtensibilityGlobals) = postSolution
		SolutionGuid = {DA0F8907-8AEC-48E6-A755-27B8E22867FB}
	EndGlobalSection
EndGlobal
